dependencies:
- name: prometheus-operator-crds
  repository: https://prometheus-community.github.io/helm-charts
  version: 32.0.1
- name: victoria-metrics-operator
  repository: https://victoriametrics.github.io/helm-charts
  version: 0.68.1
digest: sha256:9089102adac20c68160b729f565c72e957d8d7a24d0d36d71c9a7ab044e0e420
generated: "2026-10-01T16:33:39.210160057Z"
